
Microsoft Visual Studio Solution File, Format Version 12.00
# Visual Studio Version 17
VisualStudioVersion = 17.3.32901.215
MinimumVisualStudioVersion = 10.0.40219.1
Project("{FAE04EC0-301F-11D3-BF4B-00C04F79EFBC}") = "TcpClientWithSSL", "TcpClientWithSSL\TcpClientWithSSL.csproj", "{7DFB6615-D945-4C07-88FD-669BD76FE819}"
EndProject
Global
	GlobalSection(SolutionConfigurationPlatforms) = preSolution
		Debug|Any CPU = Debug|Any CPU
		Release|Any CPU = Release|Any CPU
	EndGlobalSection
	GlobalSection(ProjectConfigurationPlatforms) = postSolution
		{7DFB6615-D945-4C07-88FD-669BD76FE819}.Debug|Any CPU.ActiveCfg = Debug|Any CPU
		{7DFB6615-D945-4C07-88FD-669BD76FE819}.Debug|Any CPU.Build.0 = Debug|Any CPU
		{7DFB6615-D945-4C07-88FD-669BD76FE819}.Release|Any CPU.ActiveCfg = Release|Any CPU
		{7DFB6615-D945-4C07-88FD-669BD76FE819}.Release|Any CPU.Build.0 = Release|Any CPU
	EndGlobalSection
	GlobalSection(SolutionProperties) = preSolution
		HideSolutionNode = FALSE
	EndGlobalSection
	GlobalSection(ExtensibilityGlobals) = postSolution
		SolutionGuid = {019A6515-C0AB-4507-957A-2B20C8C48FA9}
	EndGlobalSection
EndGlobal
